// !$*UTF8*$!
{
	archiveVersion = 1;
	classes = {
	};
	objectVersion = 51;
	objects = {

/* Begin PBXBuildFile section */
		605BC08477858B05351A13B0 /* Pods_Itinerary.framework in Frameworks */ = {isa = PBXBuildFile; fileRef = 6863F0A5818FA1756477FE85 /* Pods_Itinerary.framework */; };
		F31624A2229949AF0059E49C /* AppDelegate.swift in Sources */ = {isa = PBXBuildFile; fileRef = F31624A1229949AF0059E49C /* AppDelegate.swift */; };
		F31624A9229949B00059E49C /* Assets.xcassets in Resources */ = {isa = PBXBuildFile; fileRef = F31624A8229949B00059E49C /* Assets.xcassets */; };
		F31624AC229949B00059E49C /* LaunchScreen.storyboard in Resources */ = {isa = PBXBuildFile; fileRef = F31624AA229949B00059E49C /* LaunchScreen.storyboard */; };
		F36ADB0A22FCC1720028DEA3 /* Trips.storyboard in Resources */ = {isa = PBXBuildFile; fileRef = F36ADB0C22FCC1720028DEA3 /* Trips.storyboard */; };
		F374B78122F6FA88006A712B /* AddTripViewController.swift in Sources */ = {isa = PBXBuildFile; fileRef = F374B77F22F6FA87006A712B /* AddTripViewController.swift */; };
		F374B78222F6FA88006A712B /* AddTrip.storyboard in Resources */ = {isa = PBXBuildFile; fileRef = F374B78022F6FA88006A712B /* AddTrip.storyboard */; };
		F38A01AF22D1AB1A00D8C5F3 /* SceneDelegate.swift in Sources */ = {isa = PBXBuildFile; fileRef = F38A01AE22D1AB1A00D8C5F3 /* SceneDelegate.swift */; };
		F38A01B122D1AB9000D8C5F3 /* AppCoordinator.swift in Sources */ = {isa = PBXBuildFile; fileRef = F38A01B022D1AB9000D8C5F3 /* AppCoordinator.swift */; };
		F38A01BB22D1B19C00D8C5F3 /* Coordinator.swift in Sources */ = {isa = PBXBuildFile; fileRef = F38A01B722D1B19B00D8C5F3 /* Coordinator.swift */; };
		F38A01BC22D1B19C00D8C5F3 /* NavigationCoordinator.swift in Sources */ = {isa = PBXBuildFile; fileRef = F38A01B822D1B19B00D8C5F3 /* NavigationCoordinator.swift */; };
		F38A01BD22D1B19C00D8C5F3 /* NavigationControlling.swift in Sources */ = {isa = PBXBuildFile; fileRef = F38A01B922D1B19C00D8C5F3 /* NavigationControlling.swift */; };
		F38A01BE22D1B19C00D8C5F3 /* Storyboarded.swift in Sources */ = {isa = PBXBuildFile; fileRef = F38A01BA22D1B19C00D8C5F3 /* Storyboarded.swift */; };
		F38A01C122D1B64400D8C5F3 /* TripsModelController.swift in Sources */ = {isa = PBXBuildFile; fileRef = F38A01C022D1B64400D8C5F3 /* TripsModelController.swift */; };
		F38A01C622D1BAC300D8C5F3 /* Identity.swift in Sources */ = {isa = PBXBuildFile; fileRef = F38A01C522D1BAC300D8C5F3 /* Identity.swift */; };
		F38A01C822D1C0B300D8C5F3 /* DataLoader.swift in Sources */ = {isa = PBXBuildFile; fileRef = F38A01C722D1C0B300D8C5F3 /* DataLoader.swift */; };
		F38A01CB22D1CDCE00D8C5F3 /* Endpoint.swift in Sources */ = {isa = PBXBuildFile; fileRef = F38A01CA22D1CDCE00D8C5F3 /* Endpoint.swift */; };
		F38A01CE22D1CE8800D8C5F3 /* FileManager+UserDocumentsDirectory.swift in Sources */ = {isa = PBXBuildFile; fileRef = F38A01CD22D1CE8800D8C5F3 /* FileManager+UserDocumentsDirectory.swift */; };
		F38A01D322D2A5DC00D8C5F3 /* TripsCoordinator.swift in Sources */ = {isa = PBXBuildFile; fileRef = F38A01D222D2A5DC00D8C5F3 /* TripsCoordinator.swift */; };
		F38A01D522D2AA9C00D8C5F3 /* TripsListViewController.swift in Sources */ = {isa = PBXBuildFile; fileRef = F38A01D422D2AA9C00D8C5F3 /* TripsListViewController.swift */; };
		F38A01D922D2BA3E00D8C5F3 /* TableViewDataSource.swift in Sources */ = {isa = PBXBuildFile; fileRef = F38A01D822D2BA3E00D8C5F3 /* TableViewDataSource.swift */; };
		F38A01DD22D304B200D8C5F3 /* TripTableViewCell.swift in Sources */ = {isa = PBXBuildFile; fileRef = F38A01DB22D304B200D8C5F3 /* TripTableViewCell.swift */; };
		F38A01DE22D304B200D8C5F3 /* TripTableViewCell.xib in Resources */ = {isa = PBXBuildFile; fileRef = F38A01DC22D304B200D8C5F3 /* TripTableViewCell.xib */; };
		F38A022F22DA6B6F00D8C5F3 /* TripTableViewCell+ViewModel.swift in Sources */ = {isa = PBXBuildFile; fileRef = F38A022E22DA6B6F00D8C5F3 /* TripTableViewCell+ViewModel.swift */; };
		F38EF83922B127CD0031BE50 /* .swiftlint.yml in Resources */ = {isa = PBXBuildFile; fileRef = F38EF83822B127CD0031BE50 /* .swiftlint.yml */; };
		F38EF83C22B128660031BE50 /* R.generated.swift in Sources */ = {isa = PBXBuildFile; fileRef = F38EF83B22B128660031BE50 /* R.generated.swift */; };
		F38EF84222B12C230031BE50 /* Trip.swift in Sources */ = {isa = PBXBuildFile; fileRef = F38EF84122B12C230031BE50 /* Trip.swift */; };
		F39C044E22DE05040053C76E /* UIFont+Custom.swift in Sources */ = {isa = PBXBuildFile; fileRef = F39C044D22DE05040053C76E /* UIFont+Custom.swift */; };
		F39C045122DE1D750053C76E /* Style.swift in Sources */ = {isa = PBXBuildFile; fileRef = F39C045022DE1D740053C76E /* Style.swift */; };
		F39C045722DE8B080053C76E /* Colors.xcassets in Resources */ = {isa = PBXBuildFile; fileRef = F39C045622DE8B080053C76E /* Colors.xcassets */; };
		F39C045B22DE99510053C76E /* UIColor+Theme.swift in Sources */ = {isa = PBXBuildFile; fileRef = F39C045A22DE99510053C76E /* UIColor+Theme.swift */; };
		F3B2BD5722F6B2A60009D8B1 /* Appearance.swift in Sources */ = {isa = PBXBuildFile; fileRef = F3B2BD5622F6B2A60009D8B1 /* Appearance.swift */; };
		F3FB55C722DBB4D900BB31E7 /* UIView+AddShadow.swift in Sources */ = {isa = PBXBuildFile; fileRef = F3FB55C622DBB4D900BB31E7 /* UIView+AddShadow.swift */; };
		F3FB563422DBC8FC00BB31E7 /* Whitney-Semibold.ttf in Resources */ = {isa = PBXBuildFile; fileRef = F3FB562722DBC8FB00BB31E7 /* Whitney-Semibold.ttf */; };
		F3FB563522DBC8FC00BB31E7 /* Whitney-MediumItalic.ttf in Resources */ = {isa = PBXBuildFile; fileRef = F3FB562822DBC8FB00BB31E7 /* Whitney-MediumItalic.ttf */; };
		F3FB563622DBC8FC00BB31E7 /* WhitneyMedium.ttf in Resources */ = {isa = PBXBuildFile; fileRef = F3FB562922DBC8FB00BB31E7 /* WhitneyMedium.ttf */; };
		F3FB563722DBC8FC00BB31E7 /* Whitney-Light.ttf in Resources */ = {isa = PBXBuildFile; fileRef = F3FB562A22DBC8FB00BB31E7 /* Whitney-Light.ttf */; };
		F3FB563822DBC8FC00BB31E7 /* Whitney-Black.ttf in Resources */ = {isa = PBXBuildFile; fileRef = F3FB562B22DBC8FB00BB31E7 /* Whitney-Black.ttf */; };
		F3FB563922DBC8FC00BB31E7 /* Whitney-Book.ttf in Resources */ = {isa = PBXBuildFile; fileRef = F3FB562C22DBC8FB00BB31E7 /* Whitney-Book.ttf */; };
		F3FB563A22DBC8FC00BB31E7 /* Whitney-Medium.ttf in Resources */ = {isa = PBXBuildFile; fileRef = F3FB562D22DBC8FB00BB31E7 /* Whitney-Medium.ttf */; };
		F3FB563B22DBC8FC00BB31E7 /* Whitney-Bold.ttf in Resources */ = {isa = PBXBuildFile; fileRef = F3FB562E22DBC8FB00BB31E7 /* Whitney-Bold.ttf */; };
		F3FB563C22DBC8FC00BB31E7 /* Whitney-BookItalic.ttf in Resources */ = {isa = PBXBuildFile; fileRef = F3FB562F22DBC8FB00BB31E7 /* Whitney-BookItalic.ttf */; };
		F3FB563D22DBC8FC00BB31E7 /* Whitney-LightItalic.ttf in Resources */ = {isa = PBXBuildFile; fileRef = F3FB563022DBC8FB00BB31E7 /* Whitney-LightItalic.ttf */; };
		F3FB563E22DBC8FC00BB31E7 /* Whitney-BoldItalic.ttf in Resources */ = {isa = PBXBuildFile; fileRef = F3FB563122DBC8FC00BB31E7 /* Whitney-BoldItalic.ttf */; };
		F3FB563F22DBC8FC00BB31E7 /* Whitney-BlackItalic.ttf in Resources */ = {isa = PBXBuildFile; fileRef = F3FB563222DBC8FC00BB31E7 /* Whitney-BlackItalic.ttf */; };
		F3FB564022DBC8FC00BB31E7 /* Whitney-SemiboldItalic.ttf in Resources */ = {isa = PBXBuildFile; fileRef = F3FB563322DBC8FC00BB31E7 /* Whitney-SemiboldItalic.ttf */; };
		F3FB566522DBC94600BB31E7 /* GothamPro-Medium.ttf in Resources */ = {isa = PBXBuildFile; fileRef = F3FB565922DBC94500BB31E7 /* GothamPro-Medium.ttf */; };
		F3FB566622DBC94600BB31E7 /* GothamPro-BlackItalic.ttf in Resources */ = {isa = PBXBuildFile; fileRef = F3FB565A22DBC94500BB31E7 /* GothamPro-BlackItalic.ttf */; };
		F3FB566722DBC94600BB31E7 /* GothamPro.ttf in Resources */ = {isa = PBXBuildFile; fileRef = F3FB565B22DBC94500BB31E7 /* GothamPro.ttf */; };
		F3FB566822DBC94600BB31E7 /* GothamPro-Bold.ttf in Resources */ = {isa = PBXBuildFile; fileRef = F3FB565C22DBC94600BB31E7 /* GothamPro-Bold.ttf */; };
		F3FB566922DBC94600BB31E7 /* GothamPro-Italic.ttf in Resources */ = {isa = PBXBuildFile; fileRef = F3FB565D22DBC94600BB31E7 /* GothamPro-Italic.ttf */; };
		F3FB566A22DBC94600BB31E7 /* GothamPro-Light.ttf in Resources */ = {isa = PBXBuildFile; fileRef = F3FB565E22DBC94600BB31E7 /* GothamPro-Light.ttf */; };
		F3FB566B22DBC94600BB31E7 /* GothamProNarrow-Bold.ttf in Resources */ = {isa = PBXBuildFile; fileRef = F3FB565F22DBC94600BB31E7 /* GothamProNarrow-Bold.ttf */; };
		F3FB566C22DBC94600BB31E7 /* GothamProNarrow-Medium.ttf in Resources */ = {isa = PBXBuildFile; fileRef = F3FB566022DBC94600BB31E7 /* GothamProNarrow-Medium.ttf */; };
		F3FB566D22DBC94600BB31E7 /* GothamPro-MediumItalic.ttf in Resources */ = {isa = PBXBuildFile; fileRef = F3FB566122DBC94600BB31E7 /* GothamPro-MediumItalic.ttf */; };
		F3FB566E22DBC94600BB31E7 /* GothamPro-BoldItalic.ttf in Resources */ = {isa = PBXBuildFile; fileRef = F3FB566222DBC94600BB31E7 /* GothamPro-BoldItalic.ttf */; };
		F3FB566F22DBC94600BB31E7 /* GothamPro-LightItalic.ttf in Resources */ = {isa = PBXBuildFile; fileRef = F3FB566322DBC94600BB31E7 /* GothamPro-LightItalic.ttf */; };
		F3FB567022DBC94600BB31E7 /* GothamPro-Black.ttf in Resources */ = {isa = PBXBuildFile; fileRef = F3FB566422DBC94600BB31E7 /* GothamPro-Black.ttf */; };
/* End PBXBuildFile section */

/* Begin PBXFileReference section */
		0E74253DBBBF7B276CFA529C /* Pods-Itinerary.debug.xcconfig */ = {isa = PBXFileReference; includeInIndex = 1; lastKnownFileType = text.xcconfig; name = "Pods-Itinerary.debug.xcconfig"; path = "Target Support Files/Pods-Itinerary/Pods-Itinerary.debug.xcconfig"; sourceTree = "<group>"; };
		277ADEE16EF203DE4431A03A /* Pods-Itinerary.release.xcconfig */ = {isa = PBXFileReference; includeInIndex = 1; lastKnownFileType = text.xcconfig; name = "Pods-Itinerary.release.xcconfig"; path = "Target Support Files/Pods-Itinerary/Pods-Itinerary.release.xcconfig"; sourceTree = "<group>"; };
		6863F0A5818FA1756477FE85 /* Pods_Itinerary.framework */ = {isa = PBXFileReference; explicitFileType = wrapper.framework; includeInIndex = 0; path = Pods_Itinerary.framework; sourceTree = BUILT_PRODUCTS_DIR; };
		F316249E229949AF0059E49C /* Itinerary.app */ = {isa = PBXFileReference; explicitFileType = wrapper.application; includeInIndex = 0; path = Itinerary.app; sourceTree = BUILT_PRODUCTS_DIR; };
		F31624A1229949AF0059E49C /* AppDelegate.swift */ = {isa = PBXFileReference; lastKnownFileType = sourcecode.swift; path = AppDelegate.swift; sourceTree = "<group>"; };
		F31624A8229949B00059E49C /* Assets.xcassets */ = {isa = PBXFileReference; lastKnownFileType = folder.assetcatalog; path = Assets.xcassets; sourceTree = "<group>"; };
		F31624AB229949B00059E49C /* Base */ = {isa = PBXFileReference; lastKnownFileType = file.storyboard; name = Base; path = Base.lproj/LaunchScreen.storyboard; sourceTree = "<group>"; };
		F31624AD229949B00059E49C /* Info.plist */ = {isa = PBXFileReference; lastKnownFileType = text.plist.xml; path = Info.plist; sourceTree = "<group>"; };
		F36ADB0B22FCC1720028DEA3 /* Base */ = {isa = PBXFileReference; lastKnownFileType = file.storyboard; name = Base; path = Base.lproj/Trips.storyboard; sourceTree = "<group>"; };
		F374B77F22F6FA87006A712B /* AddTripViewController.swift */ = {isa = PBXFileReference; fileEncoding = 4; lastKnownFileType = sourcecode.swift; path = AddTripViewController.swift; sourceTree = "<group>"; };
		F374B78022F6FA88006A712B /* AddTrip.storyboard */ = {isa = PBXFileReference; fileEncoding = 4; lastKnownFileType = file.storyboard; path = AddTrip.storyboard; sourceTree = "<group>"; };
		F38A01AE22D1AB1A00D8C5F3 /* SceneDelegate.swift */ = {isa = PBXFileReference; lastKnownFileType = sourcecode.swift; path = SceneDelegate.swift; sourceTree = "<group>"; };
		F38A01B022D1AB9000D8C5F3 /* AppCoordinator.swift */ = {isa = PBXFileReference; lastKnownFileType = sourcecode.swift; path = AppCoordinator.swift; sourceTree = "<group>"; };
		F38A01B722D1B19B00D8C5F3 /* Coordinator.swift */ = {isa = PBXFileReference; fileEncoding = 4; lastKnownFileType = sourcecode.swift; path = Coordinator.swift; sourceTree = "<group>"; };
		F38A01B822D1B19B00D8C5F3 /* NavigationCoordinator.swift */ = {isa = PBXFileReference; fileEncoding = 4; lastKnownFileType = sourcecode.swift; path = NavigationCoordinator.swift; sourceTree = "<group>"; };
		F38A01B922D1B19C00D8C5F3 /* NavigationControlling.swift */ = {isa = PBXFileReference; fileEncoding = 4; lastKnownFileType = sourcecode.swift; path = NavigationControlling.swift; sourceTree = "<group>"; };
		F38A01BA22D1B19C00D8C5F3 /* Storyboarded.swift */ = {isa = PBXFileReference; fileEncoding = 4; lastKnownFileType = sourcecode.swift; path = Storyboarded.swift; sourceTree = "<group>"; };
		F38A01C022D1B64400D8C5F3 /* TripsModelController.swift */ = {isa = PBXFileReference; lastKnownFileType = sourcecode.swift; path = TripsModelController.swift; sourceTree = "<group>"; };
		F38A01C522D1BAC300D8C5F3 /* Identity.swift */ = {isa = PBXFileReference; lastKnownFileType = sourcecode.swift; path = Identity.swift; sourceTree = "<group>"; };
		F38A01C722D1C0B300D8C5F3 /* DataLoader.swift */ = {isa = PBXFileReference; lastKnownFileType = sourcecode.swift; path = DataLoader.swift; sourceTree = "<group>"; };
		F38A01CA22D1CDCE00D8C5F3 /* Endpoint.swift */ = {isa = PBXFileReference; lastKnownFileType = sourcecode.swift; path = Endpoint.swift; sourceTree = "<group>"; };
		F38A01CD22D1CE8800D8C5F3 /* FileManager+UserDocumentsDirectory.swift */ = {isa = PBXFileReference; lastKnownFileType = sourcecode.swift; path = "FileManager+UserDocumentsDirectory.swift"; sourceTree = "<group>"; };
		F38A01D222D2A5DC00D8C5F3 /* TripsCoordinator.swift */ = {isa = PBXFileReference; lastKnownFileType = sourcecode.swift; path = TripsCoordinator.swift; sourceTree = "<group>"; };
		F38A01D422D2AA9C00D8C5F3 /* TripsListViewController.swift */ = {isa = PBXFileReference; lastKnownFileType = sourcecode.swift; path = TripsListViewController.swift; sourceTree = "<group>"; };
		F38A01D822D2BA3E00D8C5F3 /* TableViewDataSource.swift */ = {isa = PBXFileReference; lastKnownFileType = sourcecode.swift; path = TableViewDataSource.swift; sourceTree = "<group>"; };
		F38A01DB22D304B200D8C5F3 /* TripTableViewCell.swift */ = {isa = PBXFileReference; lastKnownFileType = sourcecode.swift; path = TripTableViewCell.swift; sourceTree = "<group>"; };
		F38A01DC22D304B200D8C5F3 /* TripTableViewCell.xib */ = {isa = PBXFileReference; lastKnownFileType = file.xib; path = TripTableViewCell.xib; sourceTree = "<group>"; };
		F38A022E22DA6B6F00D8C5F3 /* TripTableViewCell+ViewModel.swift */ = {isa = PBXFileReference; lastKnownFileType = sourcecode.swift; path = "TripTableViewCell+ViewModel.swift"; sourceTree = "<group>"; };
		F38EF83822B127CD0031BE50 /* .swiftlint.yml */ = {isa = PBXFileReference; fileEncoding = 4; lastKnownFileType = text; path = .swiftlint.yml; sourceTree = "<group>"; };
		F38EF83B22B128660031BE50 /* R.generated.swift */ = {isa = PBXFileReference; fileEncoding = 4; lastKnownFileType = sourcecode.swift; path = R.generated.swift; sourceTree = "<group>"; };
		F38EF84122B12C230031BE50 /* Trip.swift */ = {isa = PBXFileReference; lastKnownFileType = sourcecode.swift; path = Trip.swift; sourceTree = "<group>"; };
		F39C044D22DE05040053C76E /* UIFont+Custom.swift */ = {isa = PBXFileReference; lastKnownFileType = sourcecode.swift; path = "UIFont+Custom.swift"; sourceTree = "<group>"; };
		F39C045022DE1D740053C76E /* Style.swift */ = {isa = PBXFileReference; fileEncoding = 4; lastKnownFileType = sourcecode.swift; path = Style.swift; sourceTree = "<group>"; };
		F39C045622DE8B080053C76E /* Colors.xcassets */ = {isa = PBXFileReference; lastKnownFileType = folder.assetcatalog; path = Colors.xcassets; sourceTree = "<group>"; };
		F39C045A22DE99510053C76E /* UIColor+Theme.swift */ = {isa = PBXFileReference; lastKnownFileType = sourcecode.swift; path = "UIColor+Theme.swift"; sourceTree = "<group>"; };
		F3B2BD5622F6B2A60009D8B1 /* Appearance.swift */ = {isa = PBXFileReference; lastKnownFileType = sourcecode.swift; name = Appearance.swift; path = "../../../../../../../../../System/Volumes/Data/Users/briansipple/lxda/swift/itinerary-app-series/Itinerary/Itinerary/Reusables/Helpers/Appearance.swift"; sourceTree = "<group>"; };
		F3FB55C622DBB4D900BB31E7 /* UIView+AddShadow.swift */ = {isa = PBXFileReference; lastKnownFileType = sourcecode.swift; path = "UIView+AddShadow.swift"; sourceTree = "<group>"; };
		F3FB562722DBC8FB00BB31E7 /* Whitney-Semibold.ttf */ = {isa = PBXFileReference; lastKnownFileType = file; path = "Whitney-Semibold.ttf"; sourceTree = "<group>"; };
		F3FB562822DBC8FB00BB31E7 /* Whitney-MediumItalic.ttf */ = {isa = PBXFileReference; lastKnownFileType = file; path = "Whitney-MediumItalic.ttf"; sourceTree = "<group>"; };
		F3FB562922DBC8FB00BB31E7 /* WhitneyMedium.ttf */ = {isa = PBXFileReference; lastKnownFileType = file; path = WhitneyMedium.ttf; sourceTree = "<group>"; };
		F3FB562A22DBC8FB00BB31E7 /* Whitney-Light.ttf */ = {isa = PBXFileReference; lastKnownFileType = file; path = "Whitney-Light.ttf"; sourceTree = "<group>"; };
		F3FB562B22DBC8FB00BB31E7 /* Whitney-Black.ttf */ = {isa = PBXFileReference; lastKnownFileType = file; path = "Whitney-Black.ttf"; sourceTree = "<group>"; };
		F3FB562C22DBC8FB00BB31E7 /* Whitney-Book.ttf */ = {isa = PBXFileReference; lastKnownFileType = file; path = "Whitney-Book.ttf"; sourceTree = "<group>"; };
		F3FB562D22DBC8FB00BB31E7 /* Whitney-Medium.ttf */ = {isa = PBXFileReference; lastKnownFileType = file; path = "Whitney-Medium.ttf"; sourceTree = "<group>"; };
		F3FB562E22DBC8FB00BB31E7 /* Whitney-Bold.ttf */ = {isa = PBXFileReference; lastKnownFileType = file; path = "Whitney-Bold.ttf"; sourceTree = "<group>"; };
		F3FB562F22DBC8FB00BB31E7 /* Whitney-BookItalic.ttf */ = {isa = PBXFileReference; lastKnownFileType = file; path = "Whitney-BookItalic.ttf"; sourceTree = "<group>"; };
		F3FB563022DBC8FB00BB31E7 /* Whitney-LightItalic.ttf */ = {isa = PBXFileReference; lastKnownFileType = file; path = "Whitney-LightItalic.ttf"; sourceTree = "<group>"; };
		F3FB563122DBC8FC00BB31E7 /* Whitney-BoldItalic.ttf */ = {isa = PBXFileReference; lastKnownFileType = file; path = "Whitney-BoldItalic.ttf"; sourceTree = "<group>"; };
		F3FB563222DBC8FC00BB31E7 /* Whitney-BlackItalic.ttf */ = {isa = PBXFileReference; lastKnownFileType = file; path = "Whitney-BlackItalic.ttf"; sourceTree = "<group>"; };
		F3FB563322DBC8FC00BB31E7 /* Whitney-SemiboldItalic.ttf */ = {isa = PBXFileReference; lastKnownFileType = file; path = "Whitney-SemiboldItalic.ttf"; sourceTree = "<group>"; };
		F3FB565922DBC94500BB31E7 /* GothamPro-Medium.ttf */ = {isa = PBXFileReference; lastKnownFileType = file; path = "GothamPro-Medium.ttf"; sourceTree = "<group>"; };
		F3FB565A22DBC94500BB31E7 /* GothamPro-BlackItalic.ttf */ = {isa = PBXFileReference; lastKnownFileType = file; path = "GothamPro-BlackItalic.ttf"; sourceTree = "<group>"; };
		F3FB565B22DBC94500BB31E7 /* GothamPro.ttf */ = {isa = PBXFileReference; lastKnownFileType = file; path = GothamPro.ttf; sourceTree = "<group>"; };
		F3FB565C22DBC94600BB31E7 /* GothamPro-Bold.ttf */ = {isa = PBXFileReference; lastKnownFileType = file; path = "GothamPro-Bold.ttf"; sourceTree = "<group>"; };
		F3FB565D22DBC94600BB31E7 /* GothamPro-Italic.ttf */ = {isa = PBXFileReference; lastKnownFileType = file; path = "GothamPro-Italic.ttf"; sourceTree = "<group>"; };
		F3FB565E22DBC94600BB31E7 /* GothamPro-Light.ttf */ = {isa = PBXFileReference; lastKnownFileType = file; path = "GothamPro-Light.ttf"; sourceTree = "<group>"; };
		F3FB565F22DBC94600BB31E7 /* GothamProNarrow-Bold.ttf */ = {isa = PBXFileReference; lastKnownFileType = file; path = "GothamProNarrow-Bold.ttf"; sourceTree = "<group>"; };
		F3FB566022DBC94600BB31E7 /* GothamProNarrow-Medium.ttf */ = {isa = PBXFileReference; lastKnownFileType = file; path = "GothamProNarrow-Medium.ttf"; sourceTree = "<group>"; };
		F3FB566122DBC94600BB31E7 /* GothamPro-MediumItalic.ttf */ = {isa = PBXFileReference; lastKnownFileType = file; path = "GothamPro-MediumItalic.ttf"; sourceTree = "<group>"; };
		F3FB566222DBC94600BB31E7 /* GothamPro-BoldItalic.ttf */ = {isa = PBXFileReference; lastKnownFileType = file; path = "GothamPro-BoldItalic.ttf"; sourceTree = "<group>"; };
		F3FB566322DBC94600BB31E7 /* GothamPro-LightItalic.ttf */ = {isa = PBXFileReference; lastKnownFileType = file; path = "GothamPro-LightItalic.ttf"; sourceTree = "<group>"; };
		F3FB566422DBC94600BB31E7 /* GothamPro-Black.ttf */ = {isa = PBXFileReference; lastKnownFileType = file; path = "GothamPro-Black.ttf"; sourceTree = "<group>"; };
/* End PBXFileReference section */

/* Begin PBXFrameworksBuildPhase section */
		F316249B229949AF0059E49C /* Frameworks */ = {
			isa = PBXFrameworksBuildPhase;
			buildActionMask = 2147483647;
			files = (
				605BC08477858B05351A13B0 /* Pods_Itinerary.framework in Frameworks */,
			);
			runOnlyForDeploymentPostprocessing = 0;
		};
/* End PBXFrameworksBuildPhase section */

/* Begin PBXGroup section */
		57093000AFA6694CAE51582F /* Frameworks */ = {
			isa = PBXGroup;
			children = (
				6863F0A5818FA1756477FE85 /* Pods_Itinerary.framework */,
			);
			name = Frameworks;
			sourceTree = "<group>";
		};
		C4639588128434744B25E8F2 /* Pods */ = {
			isa = PBXGroup;
			children = (
				0E74253DBBBF7B276CFA529C /* Pods-Itinerary.debug.xcconfig */,
				277ADEE16EF203DE4431A03A /* Pods-Itinerary.release.xcconfig */,
			);
			path = Pods;
			sourceTree = "<group>";
		};
		F3162495229949AF0059E49C = {
			isa = PBXGroup;
			children = (
				F38EF83B22B128660031BE50 /* R.generated.swift */,
				F38EF83822B127CD0031BE50 /* .swiftlint.yml */,
				57093000AFA6694CAE51582F /* Frameworks */,
				F31624A0229949AF0059E49C /* Itinerary */,
				C4639588128434744B25E8F2 /* Pods */,
				F316249F229949AF0059E49C /* Products */,
			);
			sourceTree = "<group>";
		};
		F316249F229949AF0059E49C /* Products */ = {
			isa = PBXGroup;
			children = (
				F316249E229949AF0059E49C /* Itinerary.app */,
			);
			name = Products;
			sourceTree = "<group>";
		};
		F31624A0229949AF0059E49C /* Itinerary */ = {
			isa = PBXGroup;
			children = (
				F31624AD229949B00059E49C /* Info.plist */,
				F38A01B022D1AB9000D8C5F3 /* AppCoordinator.swift */,
				F31624A1229949AF0059E49C /* AppDelegate.swift */,
				F38A01AE22D1AB1A00D8C5F3 /* SceneDelegate.swift */,
				F38EF83F22B1295B0031BE50 /* Content */,
				F39C044A22DD50B00053C76E /* Helpers */,
				F38EF83E22B129500031BE50 /* Models */,
				F38A01B322D1ABF500D8C5F3 /* Reusables */,
				F38EF84022B129660031BE50 /* Scenes */,
			);
			path = Itinerary;
			sourceTree = "<group>";
		};
		F350F9B022FB1352002A1F23 /* Views */ = {
			isa = PBXGroup;
			children = (
			);
			path = Views;
			sourceTree = "<group>";
		};
		F374B77C22F6FA06006A712B /* Add Trip */ = {
			isa = PBXGroup;
			children = (
				F374B78022F6FA88006A712B /* AddTrip.storyboard */,
				F374B77F22F6FA87006A712B /* AddTripViewController.swift */,
			);
			path = "Add Trip";
			sourceTree = "<group>";
		};
		F38A01B222D1ABEC00D8C5F3 /* Helpers */ = {
			isa = PBXGroup;
			children = (
				F38A01C722D1C0B300D8C5F3 /* DataLoader.swift */,
				F38A01D822D2BA3E00D8C5F3 /* TableViewDataSource.swift */,
				F3B2BD5622F6B2A60009D8B1 /* Appearance.swift */,
			);
			path = Helpers;
			sourceTree = "<group>";
		};
		F38A01B322D1ABF500D8C5F3 /* Reusables */ = {
			isa = PBXGroup;
			children = (
				F350F9B022FB1352002A1F23 /* Views */,
				F38A01CC22D1CE6F00D8C5F3 /* Extensions */,
				F38A01C922D1CDC000D8C5F3 /* Constants */,
				F38A01B222D1ABEC00D8C5F3 /* Helpers */,
				F38A01B422D1B14200D8C5F3 /* Protocols */,
			);
			path = Reusables;
			sourceTree = "<group>";
		};
		F38A01B422D1B14200D8C5F3 /* Protocols */ = {
			isa = PBXGroup;
			children = (
				F38A01B722D1B19B00D8C5F3 /* Coordinator.swift */,
				F38A01B922D1B19C00D8C5F3 /* NavigationControlling.swift */,
				F38A01B822D1B19B00D8C5F3 /* NavigationCoordinator.swift */,
				F38A01BA22D1B19C00D8C5F3 /* Storyboarded.swift */,
				F38A01C522D1BAC300D8C5F3 /* Identity.swift */,
			);
			path = Protocols;
			sourceTree = "<group>";
		};
		F38A01BF22D1B63000D8C5F3 /* Trip */ = {
			isa = PBXGroup;
			children = (
				F38EF84122B12C230031BE50 /* Trip.swift */,
				F38A01C022D1B64400D8C5F3 /* TripsModelController.swift */,
			);
			path = Trip;
			sourceTree = "<group>";
		};
		F38A01C922D1CDC000D8C5F3 /* Constants */ = {
			isa = PBXGroup;
			children = (
				F38A01CA22D1CDCE00D8C5F3 /* Endpoint.swift */,
			);
			path = Constants;
			sourceTree = "<group>";
		};
		F38A01CC22D1CE6F00D8C5F3 /* Extensions */ = {
			isa = PBXGroup;
			children = (
				F3FB55C522DBB4C000BB31E7 /* UIView */,
				F38A01CD22D1CE8800D8C5F3 /* FileManager+UserDocumentsDirectory.swift */,
				F39C044D22DE05040053C76E /* UIFont+Custom.swift */,
				F39C045A22DE99510053C76E /* UIColor+Theme.swift */,
			);
			path = Extensions;
			sourceTree = "<group>";
		};
		F38A01D122D29E7700D8C5F3 /* Trips */ = {
			isa = PBXGroup;
			children = (
				F36ADB0C22FCC1720028DEA3 /* Trips.storyboard */,
				F38A01D222D2A5DC00D8C5F3 /* TripsCoordinator.swift */,
				F38A01D422D2AA9C00D8C5F3 /* TripsListViewController.swift */,
				F374B77C22F6FA06006A712B /* Add Trip */,
				F38A01DF22D304DB00D8C5F3 /* Cell */,
			);
			path = Trips;
			sourceTree = "<group>";
		};
		F38A01DF22D304DB00D8C5F3 /* Cell */ = {
			isa = PBXGroup;
			children = (
				F38A01DB22D304B200D8C5F3 /* TripTableViewCell.swift */,
				F38A01DC22D304B200D8C5F3 /* TripTableViewCell.xib */,
				F38A022E22DA6B6F00D8C5F3 /* TripTableViewCell+ViewModel.swift */,
			);
			path = Cell;
			sourceTree = "<group>";
		};
		F38EF83E22B129500031BE50 /* Models */ = {
			isa = PBXGroup;
			children = (
				F38A01BF22D1B63000D8C5F3 /* Trip */,
			);
			path = Models;
			sourceTree = "<group>";
		};
		F38EF83F22B1295B0031BE50 /* Content */ = {
			isa = PBXGroup;
			children = (
				F3FB55CC22DBC34200BB31E7 /* Fonts */,
				F31624A8229949B00059E49C /* Assets.xcassets */,
				F39C045622DE8B080053C76E /* Colors.xcassets */,
			);
			path = Content;
			sourceTree = "<group>";
		};
		F38EF84022B129660031BE50 /* Scenes */ = {
			isa = PBXGroup;
			children = (
				F38A01D122D29E7700D8C5F3 /* Trips */,
				F31624AA229949B00059E49C /* LaunchScreen.storyboard */,
			);
			path = Scenes;
			sourceTree = "<group>";
		};
		F39C044A22DD50B00053C76E /* Helpers */ = {
			isa = PBXGroup;
			children = (
				F39C044F22DE1C640053C76E /* Styling */,
			);
			path = Helpers;
			sourceTree = "<group>";
		};
		F39C044F22DE1C640053C76E /* Styling */ = {
			isa = PBXGroup;
			children = (
				F39C045022DE1D740053C76E /* Style.swift */,
			);
			path = Styling;
			sourceTree = "<group>";
		};
		F3FB55C522DBB4C000BB31E7 /* UIView */ = {
			isa = PBXGroup;
			children = (
				F3FB55C622DBB4D900BB31E7 /* UIView+AddShadow.swift */,
			);
			path = UIView;
			sourceTree = "<group>";
		};
		F3FB55CC22DBC34200BB31E7 /* Fonts */ = {
			isa = PBXGroup;
			children = (
				F3FB55CE22DBC3EB00BB31E7 /* Whitney */,
				F3FB55CD22DBC3E600BB31E7 /* Gotham */,
			);
			path = Fonts;
			sourceTree = "<group>";
		};
		F3FB55CD22DBC3E600BB31E7 /* Gotham */ = {
			isa = PBXGroup;
			children = (
				F3FB566422DBC94600BB31E7 /* GothamPro-Black.ttf */,
				F3FB565A22DBC94500BB31E7 /* GothamPro-BlackItalic.ttf */,
				F3FB565C22DBC94600BB31E7 /* GothamPro-Bold.ttf */,
				F3FB566222DBC94600BB31E7 /* GothamPro-BoldItalic.ttf */,
				F3FB565D22DBC94600BB31E7 /* GothamPro-Italic.ttf */,
				F3FB565E22DBC94600BB31E7 /* GothamPro-Light.ttf */,
				F3FB566322DBC94600BB31E7 /* GothamPro-LightItalic.ttf */,
				F3FB565922DBC94500BB31E7 /* GothamPro-Medium.ttf */,
				F3FB566122DBC94600BB31E7 /* GothamPro-MediumItalic.ttf */,
				F3FB565B22DBC94500BB31E7 /* GothamPro.ttf */,
				F3FB565F22DBC94600BB31E7 /* GothamProNarrow-Bold.ttf */,
				F3FB566022DBC94600BB31E7 /* GothamProNarrow-Medium.ttf */,
			);
			path = Gotham;
			sourceTree = "<group>";
		};
		F3FB55CE22DBC3EB00BB31E7 /* Whitney */ = {
			isa = PBXGroup;
			children = (
				F3FB562B22DBC8FB00BB31E7 /* Whitney-Black.ttf */,
				F3FB563222DBC8FC00BB31E7 /* Whitney-BlackItalic.ttf */,
				F3FB562E22DBC8FB00BB31E7 /* Whitney-Bold.ttf */,
				F3FB563122DBC8FC00BB31E7 /* Whitney-BoldItalic.ttf */,
				F3FB562C22DBC8FB00BB31E7 /* Whitney-Book.ttf */,
				F3FB562F22DBC8FB00BB31E7 /* Whitney-BookItalic.ttf */,
				F3FB562A22DBC8FB00BB31E7 /* Whitney-Light.ttf */,
				F3FB563022DBC8FB00BB31E7 /* Whitney-LightItalic.ttf */,
				F3FB562D22DBC8FB00BB31E7 /* Whitney-Medium.ttf */,
				F3FB562822DBC8FB00BB31E7 /* Whitney-MediumItalic.ttf */,
				F3FB562722DBC8FB00BB31E7 /* Whitney-Semibold.ttf */,
				F3FB563322DBC8FC00BB31E7 /* Whitney-SemiboldItalic.ttf */,
				F3FB562922DBC8FB00BB31E7 /* WhitneyMedium.ttf */,
			);
			path = Whitney;
			sourceTree = "<group>";
		};
/* End PBXGroup section */

/* Begin PBXNativeTarget section */
		F316249D229949AF0059E49C /* Itinerary */ = {
			isa = PBXNativeTarget;
			buildConfigurationList = F31624B0229949B00059E49C /* Build configuration list for PBXNativeTarget "Itinerary" */;
			buildPhases = (
				9DEAFE74F1BC23950B0B16D0 /* [CP] Check Pods Manifest.lock */,
				F38EF83A22B127D70031BE50 /* ShellScript */,
				F316249A229949AF0059E49C /* Sources */,
				F316249B229949AF0059E49C /* Frameworks */,
				F316249C229949AF0059E49C /* Resources */,
				505D63D2545D27AA9AD5DB07 /* [CP] Embed Pods Frameworks */,
				F38EF83D22B1288B0031BE50 /* Run Script */,
			);
			buildRules = (
			);
			dependencies = (
			);
			name = Itinerary;
			packageProductDependencies = (
			);
			productName = Itinerary;
			productReference = F316249E229949AF0059E49C /* Itinerary.app */;
			productType = "com.apple.product-type.application";
		};
/* End PBXNativeTarget section */

/* Begin PBXProject section */
		F3162496229949AF0059E49C /* Project object */ = {
			isa = PBXProject;
			attributes = {
				LastSwiftUpdateCheck = 1020;
				LastUpgradeCheck = 1020;
				ORGANIZATIONNAME = "Brian Sipple";
				TargetAttributes = {
					F316249D229949AF0059E49C = {
						CreatedOnToolsVersion = 10.2.1;
					};
				};
			};
			buildConfigurationList = F3162499229949AF0059E49C /* Build configuration list for PBXProject "Itinerary" */;
			compatibilityVersion = "Xcode 9.3";
			developmentRegion = en;
			hasScannedForEncodings = 0;
			knownRegions = (
				en,
				Base,
			);
			mainGroup = F3162495229949AF0059E49C;
			packageReferences = (
			);
			productRefGroup = F316249F229949AF0059E49C /* Products */;
			projectDirPath = "";
			projectRoot = "";
			targets = (
				F316249D229949AF0059E49C /* Itinerary */,
			);
		};
/* End PBXProject section */

/* Begin PBXResourcesBuildPhase section */
		F316249C229949AF0059E49C /* Resources */ = {
			isa = PBXResourcesBuildPhase;
			buildActionMask = 2147483647;
			files = (
				F3FB566C22DBC94600BB31E7 /* GothamProNarrow-Medium.ttf in Resources */,
				F3FB566E22DBC94600BB31E7 /* GothamPro-BoldItalic.ttf in Resources */,
				F3FB566D22DBC94600BB31E7 /* GothamPro-MediumItalic.ttf in Resources */,
				F3FB564022DBC8FC00BB31E7 /* Whitney-SemiboldItalic.ttf in Resources */,
				F3FB563922DBC8FC00BB31E7 /* Whitney-Book.ttf in Resources */,
				F3FB566722DBC94600BB31E7 /* GothamPro.ttf in Resources */,
				F38EF83922B127CD0031BE50 /* .swiftlint.yml in Resources */,
				F3FB563622DBC8FC00BB31E7 /* WhitneyMedium.ttf in Resources */,
				F3FB567022DBC94600BB31E7 /* GothamPro-Black.ttf in Resources */,
				F36ADB0A22FCC1720028DEA3 /* Trips.storyboard in Resources */,
				F3FB566922DBC94600BB31E7 /* GothamPro-Italic.ttf in Resources */,
				F3FB563B22DBC8FC00BB31E7 /* Whitney-Bold.ttf in Resources */,
				F3FB563722DBC8FC00BB31E7 /* Whitney-Light.ttf in Resources */,
				F3FB563E22DBC8FC00BB31E7 /* Whitney-BoldItalic.ttf in Resources */,
				F31624AC229949B00059E49C /* LaunchScreen.storyboard in Resources */,
				F3FB563A22DBC8FC00BB31E7 /* Whitney-Medium.ttf in Resources */,
				F39C045722DE8B080053C76E /* Colors.xcassets in Resources */,
				F374B78222F6FA88006A712B /* AddTrip.storyboard in Resources */,
				F3FB566622DBC94600BB31E7 /* GothamPro-BlackItalic.ttf in Resources */,
				F3FB563522DBC8FC00BB31E7 /* Whitney-MediumItalic.ttf in Resources */,
				F3FB566B22DBC94600BB31E7 /* GothamProNarrow-Bold.ttf in Resources */,
				F3FB566522DBC94600BB31E7 /* GothamPro-Medium.ttf in Resources */,
				F3FB563822DBC8FC00BB31E7 /* Whitney-Black.ttf in Resources */,
				F3FB566822DBC94600BB31E7 /* GothamPro-Bold.ttf in Resources */,
				F3FB563C22DBC8FC00BB31E7 /* Whitney-BookItalic.ttf in Resources */,
				F3FB563422DBC8FC00BB31E7 /* Whitney-Semibold.ttf in Resources */,
				F3FB563F22DBC8FC00BB31E7 /* Whitney-BlackItalic.ttf in Resources */,
				F38A01DE22D304B200D8C5F3 /* TripTableViewCell.xib in Resources */,
				F3FB566A22DBC94600BB31E7 /* GothamPro-Light.ttf in Resources */,
				F3FB563D22DBC8FC00BB31E7 /* Whitney-LightItalic.ttf in Resources */,
				F31624A9229949B00059E49C /* Assets.xcassets in Resources */,
				F3FB566F22DBC94600BB31E7 /* GothamPro-LightItalic.ttf in Resources */,
			);
			runOnlyForDeploymentPostprocessing = 0;
		};
/* End PBXResourcesBuildPhase section */

/* Begin PBXShellScriptBuildPhase section */
		505D63D2545D27AA9AD5DB07 /* [CP] Embed Pods Frameworks */ = {
			isa = PBXShellScriptBuildPhase;
			buildActionMask = 2147483647;
			files = (
			);
			inputFileListPaths = (
				"${PODS_ROOT}/Target Support Files/Pods-Itinerary/Pods-Itinerary-frameworks-${CONFIGURATION}-input-files.xcfilelist",
			);
			name = "[CP] Embed Pods Frameworks";
			outputFileListPaths = (
				"${PODS_ROOT}/Target Support Files/Pods-Itinerary/Pods-Itinerary-frameworks-${CONFIGURATION}-output-files.xcfilelist",
			);
			runOnlyForDeploymentPostprocessing = 0;
			shellPath = /bin/sh;
			shellScript = "\"${PODS_ROOT}/Target Support Files/Pods-Itinerary/Pods-Itinerary-frameworks.sh\"\n";
			showEnvVarsInLog = 0;
		};
		9DEAFE74F1BC23950B0B16D0 /* [CP] Check Pods Manifest.lock */ = {
			isa = PBXShellScriptBuildPhase;
			buildActionMask = 2147483647;
			files = (
			);
			inputFileListPaths = (
			);
			inputPaths = (
				"${PODS_PODFILE_DIR_PATH}/Podfile.lock",
				"${PODS_ROOT}/Manifest.lock",
			);
			name = "[CP] Check Pods Manifest.lock";
			outputFileListPaths = (
			);
			outputPaths = (
				"$(DERIVED_FILE_DIR)/Pods-Itinerary-checkManifestLockResult.txt",
			);
			runOnlyForDeploymentPostprocessing = 0;
			shellPath = /bin/sh;
			shellScript = "diff \"${PODS_PODFILE_DIR_PATH}/Podfile.lock\" \"${PODS_ROOT}/Manifest.lock\" > /dev/null\nif [ $? != 0 ] ; then\n    # print error to STDERR\n    echo \"error: The sandbox is not in sync with the Podfile.lock. Run 'pod install' or update your CocoaPods installation.\" >&2\n    exit 1\nfi\n# This output is used by Xcode 'outputs' to avoid re-running this script phase.\necho \"SUCCESS\" > \"${SCRIPT_OUTPUT_FILE_0}\"\n";
			showEnvVarsInLog = 0;
		};
		F38EF83A22B127D70031BE50 /* ShellScript */ = {
			isa = PBXShellScriptBuildPhase;
			buildActionMask = 2147483647;
			files = (
			);
			inputFileListPaths = (
			);
			inputPaths = (
				"$TEMP_DIR/rswift-lastrun",
			);
			outputFileListPaths = (
			);
			outputPaths = (
				$SRCROOT/R.generated.swift,
			);
			runOnlyForDeploymentPostprocessing = 0;
			shellPath = /bin/sh;
			shellScript = "# Type a script or drag a script file from your workspace to insert its path.\n\"$PODS_ROOT/R.swift/rswift\" generate \"$SRCROOT/R.generated.swift\"\n";
		};
		F38EF83D22B1288B0031BE50 /* Run Script */ = {
			isa = PBXShellScriptBuildPhase;
			buildActionMask = 2147483647;
			files = (
			);
			inputFileListPaths = (
			);
			inputPaths = (
			);
			name = "Run Script";
			outputFileListPaths = (
			);
			outputPaths = (
			);
			runOnlyForDeploymentPostprocessing = 0;
			shellPath = /bin/sh;
			shellScript = "# Type a script or drag a script file from your workspace to insert its path.\n\"${PODS_ROOT}/SwiftLint/swiftlint\"\n";
		};
/* End PBXShellScriptBuildPhase section */

/* Begin PBXSourcesBuildPhase section */
		F316249A229949AF0059E49C /* Sources */ = {
			isa = PBXSourcesBuildPhase;
			buildActionMask = 2147483647;
			files = (
				F38A01BB22D1B19C00D8C5F3 /* Coordinator.swift in Sources */,
				F38A01BD22D1B19C00D8C5F3 /* NavigationControlling.swift in Sources */,
				F38A01D922D2BA3E00D8C5F3 /* TableViewDataSource.swift in Sources */,
				F38A01B122D1AB9000D8C5F3 /* AppCoordinator.swift in Sources */,
				F38A01CB22D1CDCE00D8C5F3 /* Endpoint.swift in Sources */,
				F38A01AF22D1AB1A00D8C5F3 /* SceneDelegate.swift in Sources */,
				F38A01D522D2AA9C00D8C5F3 /* TripsListViewController.swift in Sources */,
				F38A01CE22D1CE8800D8C5F3 /* FileManager+UserDocumentsDirectory.swift in Sources */,
				F38EF84222B12C230031BE50 /* Trip.swift in Sources */,
				F39C044E22DE05040053C76E /* UIFont+Custom.swift in Sources */,
				F374B78122F6FA88006A712B /* AddTripViewController.swift in Sources */,
				F38A01D322D2A5DC00D8C5F3 /* TripsCoordinator.swift in Sources */,
				F38A022F22DA6B6F00D8C5F3 /* TripTableViewCell+ViewModel.swift in Sources */,
				F38A01C122D1B64400D8C5F3 /* TripsModelController.swift in Sources */,
				F3FB55C722DBB4D900BB31E7 /* UIView+AddShadow.swift in Sources */,
				F38A01C622D1BAC300D8C5F3 /* Identity.swift in Sources */,
				F38A01DD22D304B200D8C5F3 /* TripTableViewCell.swift in Sources */,
				F39C045B22DE99510053C76E /* UIColor+Theme.swift in Sources */,
				F38A01BC22D1B19C00D8C5F3 /* NavigationCoordinator.swift in Sources */,
				F38A01C822D1C0B300D8C5F3 /* DataLoader.swift in Sources */,
				F3B2BD5722F6B2A60009D8B1 /* Appearance.swift in Sources */,
				F38A01BE22D1B19C00D8C5F3 /* Storyboarded.swift in Sources */,
				F31624A2229949AF0059E49C /* AppDelegate.swift in Sources */,
				F38EF83C22B128660031BE50 /* R.generated.swift in Sources */,
				F39C045122DE1D750053C76E /* Style.swift in Sources */,
			);
			runOnlyForDeploymentPostprocessing = 0;
		};
/* End PBXSourcesBuildPhase section */

/* Begin PBXVariantGroup section */
		F31624AA229949B00059E49C /* LaunchScreen.storyboard */ = {
			isa = PBXVariantGroup;
			children = (
				F31624AB229949B00059E49C /* Base */,
			);
			name = LaunchScreen.storyboard;
			sourceTree = "<group>";
		};
		F36ADB0C22FCC1720028DEA3 /* Trips.storyboard */ = {
			isa = PBXVariantGroup;
			children = (
				F36ADB0B22FCC1720028DEA3 /* Base */,
			);
			name = Trips.storyboard;
			sourceTree = "<group>";
		};
/* End PBXVariantGroup section */

/* Begin XCBuildConfiguration section */
		F31624AE229949B00059E49C /* Debug */ = {
			isa = XCBuildConfiguration;
			buildSettings = {
				ALWAYS_SEARCH_USER_PATHS = NO;
				CLANG_ANALYZER_NONNULL = YES;
				CLANG_ANALYZER_NUMBER_OBJECT_CONVERSION = YES_AGGRESSIVE;
				CLANG_CXX_LANGUAGE_STANDARD = "gnu++14";
				CLANG_CXX_LIBRARY = "libc++";
				CLANG_ENABLE_MODULES = YES;
				CLANG_ENABLE_OBJC_ARC = YES;
				CLANG_ENABLE_OBJC_WEAK = YES;
				CLANG_WARN_BLOCK_CAPTURE_AUTORELEASING = YES;
				CLANG_WARN_BOOL_CONVERSION = YES;
				CLANG_WARN_COMMA = YES;
				CLANG_WARN_CONSTANT_CONVERSION = YES;
				CLANG_WARN_DEPRECATED_OBJC_IMPLEMENTATIONS = YES;
				CLANG_WARN_DIRECT_OBJC_ISA_USAGE = YES_ERROR;
				CLANG_WARN_DOCUMENTATION_COMMENTS = YES;
				CLANG_WARN_EMPTY_BODY = YES;
				CLANG_WARN_ENUM_CONVERSION = YES;
				CLANG_WARN_INFINITE_RECURSION = YES;
				CLANG_WARN_INT_CONVERSION = YES;
				CLANG_WARN_NON_LITERAL_NULL_CONVERSION = YES;
				CLANG_WARN_OBJC_IMPLICIT_RETAIN_SELF = YES;
				CLANG_WARN_OBJC_LITERAL_CONVERSION = YES;
				CLANG_WARN_OBJC_ROOT_CLASS = YES_ERROR;
				CLANG_WARN_RANGE_LOOP_ANALYSIS = YES;
				CLANG_WARN_STRICT_PROTOTYPES = YES;
				CLANG_WARN_SUSPICIOUS_MOVE = YES;
				CLANG_WARN_UNGUARDED_AVAILABILITY = YES_AGGRESSIVE;
				CLANG_WARN_UNREACHABLE_CODE = YES;
				CLANG_WARN__DUPLICATE_METHOD_MATCH = YES;
				CODE_SIGN_IDENTITY = "iPhone Developer";
				COPY_PHASE_STRIP = NO;
				DEBUG_INFORMATION_FORMAT = dwarf;
				ENABLE_STRICT_OBJC_MSGSEND = YES;
				ENABLE_TESTABILITY = YES;
				GCC_C_LANGUAGE_STANDARD = gnu11;
				GCC_DYNAMIC_NO_PIC = NO;
				GCC_NO_COMMON_BLOCKS = YES;
				GCC_OPTIMIZATION_LEVEL = 0;
				GCC_PREPROCESSOR_DEFINITIONS = (
					"DEBUG=1",
					"$(inherited)",
				);
				GCC_WARN_64_TO_32_BIT_CONVERSION = YES;
				GCC_WARN_ABOUT_RETURN_TYPE = YES_ERROR;
				GCC_WARN_UNDECLARED_SELECTOR = YES;
				GCC_WARN_UNINITIALIZED_AUTOS = YES_AGGRESSIVE;
				GCC_WARN_UNUSED_FUNCTION = YES;
				GCC_WARN_UNUSED_VARIABLE = YES;
				IPHONEOS_DEPLOYMENT_TARGET = 13.0;
				MTL_ENABLE_DEBUG_INFO = INCLUDE_SOURCE;
				MTL_FAST_MATH = YES;
				ONLY_ACTIVE_ARCH = YES;
				SDKROOT = iphoneos;
				SWIFT_ACTIVE_COMPILATION_CONDITIONS = DEBUG;
				SWIFT_OPTIMIZATION_LEVEL = "-Onone";
			};
			name = Debug;
		};
		F31624AF229949B00059E49C /* Release */ = {
			isa = XCBuildConfiguration;
			buildSettings = {
				ALWAYS_SEARCH_USER_PATHS = NO;
				CLANG_ANALYZER_NONNULL = YES;
				CLANG_ANALYZER_NUMBER_OBJECT_CONVERSION = YES_AGGRESSIVE;
				CLANG_CXX_LANGUAGE_STANDARD = "gnu++14";
				CLANG_CXX_LIBRARY = "libc++";
				CLANG_ENABLE_MODULES = YES;
				CLANG_ENABLE_OBJC_ARC = YES;
				CLANG_ENABLE_OBJC_WEAK = YES;
				CLANG_WARN_BLOCK_CAPTURE_AUTORELEASING = YES;
				CLANG_WARN_BOOL_CONVERSION = YES;
				CLANG_WARN_COMMA = YES;
				CLANG_WARN_CONSTANT_CONVERSION = YES;
				CLANG_WARN_DEPRECATED_OBJC_IMPLEMENTATIONS = YES;
				CLANG_WARN_DIRECT_OBJC_ISA_USAGE = YES_ERROR;
				CLANG_WARN_DOCUMENTATION_COMMENTS = YES;
				CLANG_WARN_EMPTY_BODY = YES;
				CLANG_WARN_ENUM_CONVERSION = YES;
				CLANG_WARN_INFINITE_RECURSION = YES;
				CLANG_WARN_INT_CONVERSION = YES;
				CLANG_WARN_NON_LITERAL_NULL_CONVERSION = YES;
				CLANG_WARN_OBJC_IMPLICIT_RETAIN_SELF = YES;
				CLANG_WARN_OBJC_LITERAL_CONVERSION = YES;
				CLANG_WARN_OBJC_ROOT_CLASS = YES_ERROR;
				CLANG_WARN_RANGE_LOOP_ANALYSIS = YES;
				CLANG_WARN_STRICT_PROTOTYPES = YES;
				CLANG_WARN_SUSPICIOUS_MOVE = YES;
				CLANG_WARN_UNGUARDED_AVAILABILITY = YES_AGGRESSIVE;
				CLANG_WARN_UNREACHABLE_CODE = YES;
				CLANG_WARN__DUPLICATE_METHOD_MATCH = YES;
				CODE_SIGN_IDENTITY = "iPhone Developer";
				COPY_PHASE_STRIP = NO;
				DEBUG_INFORMATION_FORMAT = "dwarf-with-dsym";
				ENABLE_NS_ASSERTIONS = NO;
				ENABLE_STRICT_OBJC_MSGSEND = YES;
				GCC_C_LANGUAGE_STANDARD = gnu11;
				GCC_NO_COMMON_BLOCKS = YES;
				GCC_WARN_64_TO_32_BIT_CONVERSION = YES;
				GCC_WARN_ABOUT_RETURN_TYPE = YES_ERROR;
				GCC_WARN_UNDECLARED_SELECTOR = YES;
				GCC_WARN_UNINITIALIZED_AUTOS = YES_AGGRESSIVE;
				GCC_WARN_UNUSED_FUNCTION = YES;
				GCC_WARN_UNUSED_VARIABLE = YES;
				IPHONEOS_DEPLOYMENT_TARGET = 13.0;
				MTL_ENABLE_DEBUG_INFO = NO;
				MTL_FAST_MATH = YES;
				SDKROOT = iphoneos;
				SWIFT_COMPILATION_MODE = wholemodule;
				SWIFT_OPTIMIZATION_LEVEL = "-O";
				VALIDATE_PRODUCT = YES;
			};
			name = Release;
		};
		F31624B1229949B00059E49C /* Debug */ = {
			isa = XCBuildConfiguration;
			baseConfigurationReference = 0E74253DBBBF7B276CFA529C /* Pods-Itinerary.debug.xcconfig */;
			buildSettings = {
				ASSETCATALOG_COMPILER_APPICON_NAME = AppIcon;
				CODE_SIGN_STYLE = Automatic;
				DEVELOPMENT_TEAM = QRXXH2RKAG;
				INFOPLIST_FILE = Itinerary/Info.plist;
				IPHONEOS_DEPLOYMENT_TARGET = 13.0;
				LD_RUNPATH_SEARCH_PATHS = (
					"$(inherited)",
					"@executable_path/Frameworks",
				);
				PRODUCT_BUNDLE_IDENTIFIER = io.github.cypherpoet.Itinerary;
				PRODUCT_NAME = "$(TARGET_NAME)";
				SWIFT_VERSION = 5.0;
				TARGETED_DEVICE_FAMILY = "1,2";
			};
			name = Debug;
		};
		F31624B2229949B00059E49C /* Release */ = {
			isa = XCBuildConfiguration;
			baseConfigurationReference = 277ADEE16EF203DE4431A03A /* Pods-Itinerary.release.xcconfig */;
			buildSettings = {
				ASSETCATALOG_COMPILER_APPICON_NAME = AppIcon;
				CODE_SIGN_STYLE = Automatic;
				DEVELOPMENT_TEAM = QRXXH2RKAG;
				INFOPLIST_FILE = Itinerary/Info.plist;
				IPHONEOS_DEPLOYMENT_TARGET = 13.0;
				LD_RUNPATH_SEARCH_PATHS = (
					"$(inherited)",
					"@executable_path/Frameworks",
				);
				PRODUCT_BUNDLE_IDENTIFIER = io.github.cypherpoet.Itinerary;
				PRODUCT_NAME = "$(TARGET_NAME)";
				SWIFT_VERSION = 5.0;
				TARGETED_DEVICE_FAMILY = "1,2";
			};
			name = Release;
		};
/* End XCBuildConfiguration section */

/* Begin XCConfigurationList section */
		F3162499229949AF0059E49C /* Build configuration list for PBXProject "Itinerary" */ = {
			isa = XCConfigurationList;
			buildConfigurations = (
				F31624AE229949B00059E49C /* Debug */,
				F31624AF229949B00059E49C /* Release */,
			);
			defaultConfigurationIsVisible = 0;
			defaultConfigurationName = Release;
		};
		F31624B0229949B00059E49C /* Build configuration list for PBXNativeTarget "Itinerary" */ = {
			isa = XCConfigurationList;
			buildConfigurations = (
				F31624B1229949B00059E49C /* Debug */,
				F31624B2229949B00059E49C /* Release */,
			);
			defaultConfigurationIsVisible = 0;
			defaultConfigurationName = Release;
		};
/* End XCConfigurationList section */
	};
	rootObject = F3162496229949AF0059E49C /* Project object */;
}
